
Microsoft Visual Studio Solution File, Format Version 12.00
# Visual Studio Version 17
VisualStudioVersion = 17.1.32328.378
MinimumVisualStudioVersion = 10.0.40219.1
Project("{FAE04EC0-301F-11D3-BF4B-00C04F79EFBC}") = "KO_Projects", "KO_Projects\KO_Projects.csproj", "{D0CB5C78-1DC8-4986-99D8-5516CCAD83B2}"
EndProject
Global
	GlobalSection(SolutionConfigurationPlatforms) = preSolution
		Debug|Any CPU = Debug|Any CPU
		Release|Any CPU = Release|Any CPU
	EndGlobalSection
	GlobalSection(ProjectConfigurationPlatforms) = postSolution
		{D0CB5C78-1DC8-4986-99D8-5516CCAD83B2}.Debug|Any CPU.ActiveCfg = Debug|Any CPU
		{D0CB5C78-1DC8-4986-99D8-5516CCAD83B2}.Debug|Any CPU.Build.0 = Debug|Any CPU
		{D0CB5C78-1DC8-4986-99D8-5516CCAD83B2}.Release|Any CPU.ActiveCfg = Release|Any CPU
		{D0CB5C78-1DC8-4986-99D8-5516CCAD83B2}.Release|Any CPU.Build.0 = Release|Any CPU
	EndGlobalSection
	GlobalSection(SolutionProperties) = preSolution
		HideSolutionNode = FALSE
	EndGlobalSection
	GlobalSection(ExtensibilityGlobals) = postSolution
		SolutionGuid = {5406212C-5B3F-4AE0-AB21-6E6C7E7CB199}
	EndGlobalSection
EndGlobal
